
Microsoft Visual Studio Solution File, Format Version 12.00
# Visual Studio Version 17
VisualStudioVersion = 17.5.002.0
MinimumVisualStudioVersion = 10.0.40219.1
Project("{9A19103F-16F7-4668-BE54-9A1E7A4F7556}") = "task3", "task3.csproj", "{6772E7EF-C427-454F-819E-BBB10005548A}"
EndProject
Global
	GlobalSection(SolutionConfigurationPlatforms) = preSolution
		Debug|Any CPU = Debug|Any CPU
		Release|Any CPU = Release|Any CPU
	EndGlobalSection
	GlobalSection(ProjectConfigurationPlatforms) = postSolution
		{6772E7EF-C427-454F-819E-BBB10005548A}.Debug|Any CPU.ActiveCfg = Debug|Any CPU
		{6772E7EF-C427-454F-819E-BBB10005548A}.Debug|Any CPU.Build.0 = Debug|Any CPU
		{6772E7EF-C427-454F-819E-BBB10005548A}.Release|Any CPU.ActiveCfg = Release|Any CPU
		{6772E7EF-C427-454F-819E-BBB10005548A}.Release|Any CPU.Build.0 = Release|Any CPU
	EndGlobalSection
	GlobalSection(SolutionProperties) = preSolution
		HideSolutionNode = FALSE
	EndGlobalSection
	GlobalSection(ExtensibilityGlobals) = postSolution
		SolutionGuid = {A21B0219-BB49-469E-8193-2C61A80A3F59}
	EndGlobalSection
EndGlobal
